
Microsoft Visual Studio Solution File, Format Version 12.00
# Visual Studio 15
VisualStudioVersion = 15.0.27130.2010
MinimumVisualStudioVersion = 10.0.40219.1
Project("{FAE04EC0-301F-11D3-BF4B-00C04F79EFBC}") = "ALTTSM_SD2SNES_Tracker", "ALTTSM_SD2SNES_Tracker\ALTTSM_SD2SNES_Tracker.csproj", "{1244BBCE-13FD-48BF-A989-4CF5F57CC1CA}"
EndProject
Global
	GlobalSection(SolutionConfigurationPlatforms) = preSolution
		Debug|Any CPU = Debug|Any CPU
		Release|Any CPU = Release|Any CPU
	EndGlobalSection
	GlobalSection(ProjectConfigurationPlatforms) = postSolution
		{1244BBCE-13FD-48BF-A989-4CF5F57CC1CA}.Debug|Any CPU.ActiveCfg = Debug|Any CPU
		{1244BBCE-13FD-48BF-A989-4CF5F57CC1CA}.Debug|Any CPU.Build.0 = Debug|Any CPU
		{1244BBCE-13FD-48BF-A989-4CF5F57CC1CA}.Release|Any CPU.ActiveCfg = Release|Any CPU
		{1244BBCE-13FD-48BF-A989-4CF5F57CC1CA}.Release|Any CPU.Build.0 = Release|Any CPU
	EndGlobalSection
	GlobalSection(SolutionProperties) = preSolution
		HideSolutionNode = FALSE
	EndGlobalSection
	GlobalSection(ExtensibilityGlobals) = postSolution
		SolutionGuid = {D199A254-589C-422B-8CB9-0F1C99CA13B6}
	EndGlobalSection
EndGlobal
